// !$*UTF8*$!
{
	archiveVersion = 1;
	classes = {
	};
	objectVersion = 50;
	objects = {

/* Begin PBXBuildFile section */
		C94A0CFD22F3427A00236E50 /* AlertManager.swift in Sources */ = {isa = PBXBuildFile; fileRef = C94A0CFC22F3427A00236E50 /* AlertManager.swift */; };
		C968C97F22F0DB4B0025AF1E /* NetworkRequest.swift in Sources */ = {isa = PBXBuildFile; fileRef = C968C97E22F0DB4B0025AF1E /* NetworkRequest.swift */; };
		C968C98122F0DB650025AF1E /* Character.swift in Sources */ = {isa = PBXBuildFile; fileRef = C968C98022F0DB650025AF1E /* Character.swift */; };
		C968C98322F0DBC40025AF1E /* Data.swift in Sources */ = {isa = PBXBuildFile; fileRef = C968C98222F0DBC40025AF1E /* Data.swift */; };
		C97BCE8822F25B46002C2F63 /* KillButton.swift in Sources */ = {isa = PBXBuildFile; fileRef = C97BCE8722F25B46002C2F63 /* KillButton.swift */; };
		C97BCE8A22F25C97002C2F63 /* CellSetup.swift in Sources */ = {isa = PBXBuildFile; fileRef = C97BCE8922F25C97002C2F63 /* CellSetup.swift */; };
		C9A8C26B22EF86B400CC79A2 /* AppDelegate.swift in Sources */ = {isa = PBXBuildFile; fileRef = C9A8C26A22EF86B400CC79A2 /* AppDelegate.swift */; };
		C9A8C26D22EF86B400CC79A2 /* EpisodesViewController.swift in Sources */ = {isa = PBXBuildFile; fileRef = C9A8C26C22EF86B400CC79A2 /* EpisodesViewController.swift */; };
		C9A8C27022EF86B400CC79A2 /* Main.storyboard in Resources */ = {isa = PBXBuildFile; fileRef = C9A8C26E22EF86B400CC79A2 /* Main.storyboard */; };
		C9A8C27522EF86B500CC79A2 /* Assets.xcassets in Resources */ = {isa = PBXBuildFile; fileRef = C9A8C27422EF86B500CC79A2 /* Assets.xcassets */; };
		C9A8C27822EF86B500CC79A2 /* LaunchScreen.storyboard in Resources */ = {isa = PBXBuildFile; fileRef = C9A8C27622EF86B500CC79A2 /* LaunchScreen.storyboard */; };
		C9A8C28A22EF907700CC79A2 /* EpisodesCollectionViewCell.swift in Sources */ = {isa = PBXBuildFile; fileRef = C9A8C28922EF907700CC79A2 /* EpisodesCollectionViewCell.swift */; };
		C9A8C28C22EFA00600CC79A2 /* CharactersViewController.swift in Sources */ = {isa = PBXBuildFile; fileRef = C9A8C28B22EFA00600CC79A2 /* CharactersViewController.swift */; };
		C9A8C28E22EFA24F00CC79A2 /* CharactersCollectionViewCell.swift in Sources */ = {isa = PBXBuildFile; fileRef = C9A8C28D22EFA24F00CC79A2 /* CharactersCollectionViewCell.swift */; };
		C9A8C29022EFA44500CC79A2 /* DetailsViewController.swift in Sources */ = {isa = PBXBuildFile; fileRef = C9A8C28F22EFA44500CC79A2 /* DetailsViewController.swift */; };
		C9EC10E222F1CC5300DF3EDD /* Extensions.swift in Sources */ = {isa = PBXBuildFile; fileRef = C9EC10E122F1CC5300DF3EDD /* Extensions.swift */; };
		C9EC10E522F1D42D00DF3EDD /* Constants.swift in Sources */ = {isa = PBXBuildFile; fileRef = C9EC10E422F1D42D00DF3EDD /* Constants.swift */; };
		C9EC10E722F1DDD500DF3EDD /* Episode.swift in Sources */ = {isa = PBXBuildFile; fileRef = C9EC10E622F1DDD500DF3EDD /* Episode.swift */; };
/* End PBXBuildFile section */

/* Begin PBXFileReference section */
		C94A0CFC22F3427A00236E50 /* AlertManager.swift */ = {isa = PBXFileReference; lastKnownFileType = sourcecode.swift; path = AlertManager.swift; sourceTree = "<group>"; };
		C968C97E22F0DB4B0025AF1E /* NetworkRequest.swift */ = {isa = PBXFileReference; fileEncoding = 4; lastKnownFileType = sourcecode.swift; path = NetworkRequest.swift; sourceTree = "<group>"; };
		C968C98022F0DB650025AF1E /* Character.swift */ = {isa = PBXFileReference; fileEncoding = 4; lastKnownFileType = sourcecode.swift; path = Character.swift; sourceTree = "<group>"; };
		C968C98222F0DBC40025AF1E /* Data.swift */ = {isa = PBXFileReference; lastKnownFileType = sourcecode.swift; path = Data.swift; sourceTree = "<group>"; };
		C97BCE8722F25B46002C2F63 /* KillButton.swift */ = {isa = PBXFileReference; lastKnownFileType = sourcecode.swift; path = KillButton.swift; sourceTree = "<group>"; };
		C97BCE8922F25C97002C2F63 /* CellSetup.swift */ = {isa = PBXFileReference; lastKnownFileType = sourcecode.swift; path = CellSetup.swift; sourceTree = "<group>"; };
		C9A8C26722EF86B400CC79A2 /* RickAndMorty.app */ = {isa = PBXFileReference; explicitFileType = wrapper.application; includeInIndex = 0; path = RickAndMorty.app; sourceTree = BUILT_PRODUCTS_DIR; };
		C9A8C26A22EF86B400CC79A2 /* AppDelegate.swift */ = {isa = PBXFileReference; lastKnownFileType = sourcecode.swift; path = AppDelegate.swift; sourceTree = "<group>"; };
		C9A8C26C22EF86B400CC79A2 /* EpisodesViewController.swift */ = {isa = PBXFileReference; lastKnownFileType = sourcecode.swift; path = EpisodesViewController.swift; sourceTree = "<group>"; };
		C9A8C26F22EF86B400CC79A2 /* Base */ = {isa = PBXFileReference; lastKnownFileType = file.storyboard; name = Base; path = Base.lproj/Main.storyboard; sourceTree = "<group>"; };
		C9A8C27422EF86B500CC79A2 /* Assets.xcassets */ = {isa = PBXFileReference; lastKnownFileType = folder.assetcatalog; path = Assets.xcassets; sourceTree = "<group>"; };
		C9A8C27722EF86B500CC79A2 /* Base */ = {isa = PBXFileReference; lastKnownFileType = file.storyboard; name = Base; path = Base.lproj/LaunchScreen.storyboard; sourceTree = "<group>"; };
		C9A8C27922EF86B500CC79A2 /* Info.plist */ = {isa = PBXFileReference; lastKnownFileType = text.plist.xml; path = Info.plist; sourceTree = "<group>"; };
		C9A8C28922EF907700CC79A2 /* EpisodesCollectionViewCell.swift */ = {isa = PBXFileReference; lastKnownFileType = sourcecode.swift; path = EpisodesCollectionViewCell.swift; sourceTree = "<group>"; };
		C9A8C28B22EFA00600CC79A2 /* CharactersViewController.swift */ = {isa = PBXFileReference; lastKnownFileType = sourcecode.swift; path = CharactersViewController.swift; sourceTree = "<group>"; };
		C9A8C28D22EFA24F00CC79A2 /* CharactersCollectionViewCell.swift */ = {isa = PBXFileReference; lastKnownFileType = sourcecode.swift; path = CharactersCollectionViewCell.swift; sourceTree = "<group>"; };
		C9A8C28F22EFA44500CC79A2 /* DetailsViewController.swift */ = {isa = PBXFileReference; lastKnownFileType = sourcecode.swift; path = DetailsViewController.swift; sourceTree = "<group>"; };
		C9EC10E122F1CC5300DF3EDD /* Extensions.swift */ = {isa = PBXFileReference; lastKnownFileType = sourcecode.swift; path = Extensions.swift; sourceTree = "<group>"; };
		C9EC10E422F1D42D00DF3EDD /* Constants.swift */ = {isa = PBXFileReference; lastKnownFileType = sourcecode.swift; path = Constants.swift; sourceTree = "<group>"; };
		C9EC10E622F1DDD500DF3EDD /* Episode.swift */ = {isa = PBXFileReference; lastKnownFileType = sourcecode.swift; path = Episode.swift; sourceTree = "<group>"; };
/* End PBXFileReference section */

/* Begin PBXFrameworksBuildPhase section */
		C9A8C26422EF86B400CC79A2 /* Frameworks */ = {
			isa = PBXFrameworksBuildPhase;
			buildActionMask = 2147483647;
			files = (
			);
			runOnlyForDeploymentPostprocessing = 0;
		};
/* End PBXFrameworksBuildPhase section */

/* Begin PBXGroup section */
		C94A0CF922F336CE00236E50 /* Cells */ = {
			isa = PBXGroup;
			children = (
				C9A8C28922EF907700CC79A2 /* EpisodesCollectionViewCell.swift */,
				C9A8C28D22EFA24F00CC79A2 /* CharactersCollectionViewCell.swift */,
				C97BCE8922F25C97002C2F63 /* CellSetup.swift */,
			);
			path = Cells;
			sourceTree = "<group>";
		};
		C94A0CFB22F3425600236E50 /* Managers */ = {
			isa = PBXGroup;
			children = (
				C9EC10E122F1CC5300DF3EDD /* Extensions.swift */,
				C94A0CFC22F3427A00236E50 /* AlertManager.swift */,
			);
			path = Managers;
			sourceTree = "<group>";
		};
		C9A8C25E22EF86B400CC79A2 = {
			isa = PBXGroup;
			children = (
				C9A8C26922EF86B400CC79A2 /* RickAndMorty */,
				C9A8C26822EF86B400CC79A2 /* Products */,
			);
			sourceTree = "<group>";
		};
		C9A8C26822EF86B400CC79A2 /* Products */ = {
			isa = PBXGroup;
			children = (
				C9A8C26722EF86B400CC79A2 /* RickAndMorty.app */,
			);
			name = Products;
			sourceTree = "<group>";
		};
		C9A8C26922EF86B400CC79A2 /* RickAndMorty */ = {
			isa = PBXGroup;
			children = (
				C9A8C27F22EF875400CC79A2 /* SupportingFiles */,
				C9A8C28022EF877100CC79A2 /* UserInterface */,
				C9A8C28422EF87BA00CC79A2 /* Storage */,
				C94A0CFB22F3425600236E50 /* Managers */,
				C9A8C28622EF880300CC79A2 /* Services */,
			);
			path = RickAndMorty;
			sourceTree = "<group>";
		};
		C9A8C27F22EF875400CC79A2 /* SupportingFiles */ = {
			isa = PBXGroup;
			children = (
				C9A8C27922EF86B500CC79A2 /* Info.plist */,
				C9A8C26A22EF86B400CC79A2 /* AppDelegate.swift */,
			);
			path = SupportingFiles;
			sourceTree = "<group>";
		};
		C9A8C28022EF877100CC79A2 /* UserInterface */ = {
			isa = PBXGroup;
			children = (
				C9A8C28222EF878E00CC79A2 /* Views */,
				C9A8C28322EF879B00CC79A2 /* Controllers */,
				C9A8C28122EF878500CC79A2 /* Models */,
			);
			path = UserInterface;
			sourceTree = "<group>";
		};
		C9A8C28122EF878500CC79A2 /* Models */ = {
			isa = PBXGroup;
			children = (
				C9EC10E622F1DDD500DF3EDD /* Episode.swift */,
				C968C98022F0DB650025AF1E /* Character.swift */,
			);
			path = Models;
			sourceTree = "<group>";
		};
		C9A8C28222EF878E00CC79A2 /* Views */ = {
			isa = PBXGroup;
			children = (
				C9A8C27622EF86B500CC79A2 /* LaunchScreen.storyboard */,
				C9A8C26E22EF86B400CC79A2 /* Main.storyboard */,
				C94A0CF922F336CE00236E50 /* Cells */,
				C97BCE8722F25B46002C2F63 /* KillButton.swift */,
			);
			path = Views;
			sourceTree = "<group>";
		};
		C9A8C28322EF879B00CC79A2 /* Controllers */ = {
			isa = PBXGroup;
			children = (
				C9A8C26C22EF86B400CC79A2 /* EpisodesViewController.swift */,
				C9A8C28B22EFA00600CC79A2 /* CharactersViewController.swift */,
				C9A8C28F22EFA44500CC79A2 /* DetailsViewController.swift */,
			);
			path = Controllers;
			sourceTree = "<group>";
		};
		C9A8C28422EF87BA00CC79A2 /* Storage */ = {
			isa = PBXGroup;
			children = (
				C9EC10E422F1D42D00DF3EDD /* Constants.swift */,
				C968C98222F0DBC40025AF1E /* Data.swift */,
				C9EC10E322F1D41400DF3EDD /* Resources */,
			);
			path = Storage;
			sourceTree = "<group>";
		};
		C9A8C28622EF880300CC79A2 /* Services */ = {
			isa = PBXGroup;
			children = (
				C968C97E22F0DB4B0025AF1E /* NetworkRequest.swift */,
			);
			path = Services;
			sourceTree = "<group>";
		};
		C9EC10E322F1D41400DF3EDD /* Resources */ = {
			isa = PBXGroup;
			children = (
				C9A8C27422EF86B500CC79A2 /* Assets.xcassets */,
			);
			path = Resources;
			sourceTree = "<group>";
		};
/* End PBXGroup section */

/* Begin PBXNativeTarget section */
		C9A8C26622EF86B400CC79A2 /* RickAndMorty */ = {
			isa = PBXNativeTarget;
			buildConfigurationList = C9A8C27C22EF86B500CC79A2 /* Build configuration list for PBXNativeTarget "RickAndMorty" */;
			buildPhases = (
				C9A8C26322EF86B400CC79A2 /* Sources */,
				C9A8C26422EF86B400CC79A2 /* Frameworks */,
				C9A8C26522EF86B400CC79A2 /* Resources */,
			);
			buildRules = (
			);
			dependencies = (
			);
			name = RickAndMorty;
			productName = RickAndMorty;
			productReference = C9A8C26722EF86B400CC79A2 /* RickAndMorty.app */;
			productType = "com.apple.product-type.application";
		};
/* End PBXNativeTarget section */

/* Begin PBXProject section */
		C9A8C25F22EF86B400CC79A2 /* Project object */ = {
			isa = PBXProject;
			attributes = {
				LastSwiftUpdateCheck = 1030;
				LastUpgradeCheck = 1030;
				ORGANIZATIONNAME = BEstelrich;
				TargetAttributes = {
					C9A8C26622EF86B400CC79A2 = {
						CreatedOnToolsVersion = 10.3;
					};
				};
			};
			buildConfigurationList = C9A8C26222EF86B400CC79A2 /* Build configuration list for PBXProject "RickAndMorty" */;
			compatibilityVersion = "Xcode 9.3";
			developmentRegion = en;
			hasScannedForEncodings = 0;
			knownRegions = (
				en,
				Base,
			);
			mainGroup = C9A8C25E22EF86B400CC79A2;
			productRefGroup = C9A8C26822EF86B400CC79A2 /* Products */;
			projectDirPath = "";
			projectRoot = "";
			targets = (
				C9A8C26622EF86B400CC79A2 /* RickAndMorty */,
			);
		};
/* End PBXProject section */

/* Begin PBXResourcesBuildPhase section */
		C9A8C26522EF86B400CC79A2 /* Resources */ = {
			isa = PBXResourcesBuildPhase;
			buildActionMask = 2147483647;
			files = (
				C9A8C27822EF86B500CC79A2 /* LaunchScreen.storyboard in Resources */,
				C9A8C27522EF86B500CC79A2 /* Assets.xcassets in Resources */,
				C9A8C27022EF86B400CC79A2 /* Main.storyboard in Resources */,
			);
			runOnlyForDeploymentPostprocessing = 0;
		};
/* End PBXResourcesBuildPhase section */

/* Begin PBXSourcesBuildPhase section */
		C9A8C26322EF86B400CC79A2 /* Sources */ = {
			isa = PBXSourcesBuildPhase;
			buildActionMask = 2147483647;
			files = (
				C968C98122F0DB650025AF1E /* Character.swift in Sources */,
				C9EC10E722F1DDD500DF3EDD /* Episode.swift in Sources */,
				C94A0CFD22F3427A00236E50 /* AlertManager.swift in Sources */,
				C968C98322F0DBC40025AF1E /* Data.swift in Sources */,
				C97BCE8822F25B46002C2F63 /* KillButton.swift in Sources */,
				C9A8C28A22EF907700CC79A2 /* EpisodesCollectionViewCell.swift in Sources */,
				C9A8C26D22EF86B400CC79A2 /* EpisodesViewController.swift in Sources */,
				C968C97F22F0DB4B0025AF1E /* NetworkRequest.swift in Sources */,
				C9A8C26B22EF86B400CC79A2 /* AppDelegate.swift in Sources */,
				C9A8C28C22EFA00600CC79A2 /* CharactersViewController.swift in Sources */,
				C9EC10E522F1D42D00DF3EDD /* Constants.swift in Sources */,
				C97BCE8A22F25C97002C2F63 /* CellSetup.swift in Sources */,
				C9EC10E222F1CC5300DF3EDD /* Extensions.swift in Sources */,
				C9A8C29022EFA44500CC79A2 /* DetailsViewController.swift in Sources */,
				C9A8C28E22EFA24F00CC79A2 /* CharactersCollectionViewCell.swift in Sources */,
			);
			runOnlyForDeploymentPostprocessing = 0;
		};
/* End PBXSourcesBuildPhase section */

/* Begin PBXVariantGroup section */
		C9A8C26E22EF86B400CC79A2 /* Main.storyboard */ = {
			isa = PBXVariantGroup;
			children = (
				C9A8C26F22EF86B400CC79A2 /* Base */,
			);
			name = Main.storyboard;
			sourceTree = "<group>";
		};
		C9A8C27622EF86B500CC79A2 /* LaunchScreen.storyboard */ = {
			isa = PBXVariantGroup;
			children = (
				C9A8C27722EF86B500CC79A2 /* Base */,
			);
			name = LaunchScreen.storyboard;
			sourceTree = "<group>";
		};
/* End PBXVariantGroup section */

/* Begin XCBuildConfiguration section */
		C9A8C27A22EF86B500CC79A2 /* Debug */ = {
			isa = XCBuildConfiguration;
			buildSettings = {
				ALWAYS_SEARCH_USER_PATHS = NO;
				CLANG_ANALYZER_NONNULL = YES;
				CLANG_ANALYZER_NUMBER_OBJECT_CONVERSION = YES_AGGRESSIVE;
				CLANG_CXX_LANGUAGE_STANDARD = "gnu++14";
				CLANG_CXX_LIBRARY = "libc++";
				CLANG_ENABLE_MODULES = YES;
				CLANG_ENABLE_OBJC_ARC = YES;
				CLANG_ENABLE_OBJC_WEAK = YES;
				CLANG_WARN_BLOCK_CAPTURE_AUTORELEASING = YES;
				CLANG_WARN_BOOL_CONVERSION = YES;
				CLANG_WARN_COMMA = YES;
				CLANG_WARN_CONSTANT_CONVERSION = YES;
				CLANG_WARN_DEPRECATED_OBJC_IMPLEMENTATIONS = YES;
				CLANG_WARN_DIRECT_OBJC_ISA_USAGE = YES_ERROR;
				CLANG_WARN_DOCUMENTATION_COMMENTS = YES;
				CLANG_WARN_EMPTY_BODY = YES;
				CLANG_WARN_ENUM_CONVERSION = YES;
				CLANG_WARN_INFINITE_RECURSION = YES;
				CLANG_WARN_INT_CONVERSION = YES;
				CLANG_WARN_NON_LITERAL_NULL_CONVERSION = YES;
				CLANG_WARN_OBJC_IMPLICIT_RETAIN_SELF = YES;
				CLANG_WARN_OBJC_LITERAL_CONVERSION = YES;
				CLANG_WARN_OBJC_ROOT_CLASS = YES_ERROR;
				CLANG_WARN_RANGE_LOOP_ANALYSIS = YES;
				CLANG_WARN_STRICT_PROTOTYPES = YES;
				CLANG_WARN_SUSPICIOUS_MOVE = YES;
				CLANG_WARN_UNGUARDED_AVAILABILITY = YES_AGGRESSIVE;
				CLANG_WARN_UNREACHABLE_CODE = YES;
				CLANG_WARN__DUPLICATE_METHOD_MATCH = YES;
				CODE_SIGN_IDENTITY = "iPhone Developer";
				COPY_PHASE_STRIP = NO;
				DEBUG_INFORMATION_FORMAT = dwarf;
				ENABLE_STRICT_OBJC_MSGSEND = YES;
				ENABLE_TESTABILITY = YES;
				GCC_C_LANGUAGE_STANDARD = gnu11;
				GCC_DYNAMIC_NO_PIC = NO;
				GCC_NO_COMMON_BLOCKS = YES;
				GCC_OPTIMIZATION_LEVEL = 0;
				GCC_PREPROCESSOR_DEFINITIONS = (
					"DEBUG=1",
					"$(inherited)",
				);
				GCC_WARN_64_TO_32_BIT_CONVERSION = YES;
				GCC_WARN_ABOUT_RETURN_TYPE = YES_ERROR;
				GCC_WARN_UNDECLARED_SELECTOR = YES;
				GCC_WARN_UNINITIALIZED_AUTOS = YES_AGGRESSIVE;
				GCC_WARN_UNUSED_FUNCTION = YES;
				GCC_WARN_UNUSED_VARIABLE = YES;
				IPHONEOS_DEPLOYMENT_TARGET = 12.4;
				MTL_ENABLE_DEBUG_INFO = INCLUDE_SOURCE;
				MTL_FAST_MATH = YES;
				ONLY_ACTIVE_ARCH = YES;
				SDKROOT = iphoneos;
				SWIFT_ACTIVE_COMPILATION_CONDITIONS = DEBUG;
				SWIFT_OPTIMIZATION_LEVEL = "-Onone";
			};
			name = Debug;
		};
		C9A8C27B22EF86B500CC79A2 /* Release */ = {
			isa = XCBuildConfiguration;
			buildSettings = {
				ALWAYS_SEARCH_USER_PATHS = NO;
				CLANG_ANALYZER_NONNULL = YES;
				CLANG_ANALYZER_NUMBER_OBJECT_CONVERSION = YES_AGGRESSIVE;
				CLANG_CXX_LANGUAGE_STANDARD = "gnu++14";
				CLANG_CXX_LIBRARY = "libc++";
				CLANG_ENABLE_MODULES = YES;
				CLANG_ENABLE_OBJC_ARC = YES;
				CLANG_ENABLE_OBJC_WEAK = YES;
				CLANG_WARN_BLOCK_CAPTURE_AUTORELEASING = YES;
				CLANG_WARN_BOOL_CONVERSION = YES;
				CLANG_WARN_COMMA = YES;
				CLANG_WARN_CONSTANT_CONVERSION = YES;
				CLANG_WARN_DEPRECATED_OBJC_IMPLEMENTATIONS = YES;
				CLANG_WARN_DIRECT_OBJC_ISA_USAGE = YES_ERROR;
				CLANG_WARN_DOCUMENTATION_COMMENTS = YES;
				CLANG_WARN_EMPTY_BODY = YES;
				CLANG_WARN_ENUM_CONVERSION = YES;
				CLANG_WARN_INFINITE_RECURSION = YES;
				CLANG_WARN_INT_CONVERSION = YES;
				CLANG_WARN_NON_LITERAL_NULL_CONVERSION = YES;
				CLANG_WARN_OBJC_IMPLICIT_RETAIN_SELF = YES;
				CLANG_WARN_OBJC_LITERAL_CONVERSION = YES;
				CLANG_WARN_OBJC_ROOT_CLASS = YES_ERROR;
				CLANG_WARN_RANGE_LOOP_ANALYSIS = YES;
				CLANG_WARN_STRICT_PROTOTYPES = YES;
				CLANG_WARN_SUSPICIOUS_MOVE = YES;
				CLANG_WARN_UNGUARDED_AVAILABILITY = YES_AGGRESSIVE;
				CLANG_WARN_UNREACHABLE_CODE = YES;
				CLANG_WARN__DUPLICATE_METHOD_MATCH = YES;
				CODE_SIGN_IDENTITY = "iPhone Developer";
				COPY_PHASE_STRIP = NO;
				DEBUG_INFORMATION_FORMAT = "dwarf-with-dsym";
				ENABLE_NS_ASSERTIONS = NO;
				ENABLE_STRICT_OBJC_MSGSEND = YES;
				GCC_C_LANGUAGE_STANDARD = gnu11;
				GCC_NO_COMMON_BLOCKS = YES;
				GCC_WARN_64_TO_32_BIT_CONVERSION = YES;
				GCC_WARN_ABOUT_RETURN_TYPE = YES_ERROR;
				GCC_WARN_UNDECLARED_SELECTOR = YES;
				GCC_WARN_UNINITIALIZED_AUTOS = YES_AGGRESSIVE;
				GCC_WARN_UNUSED_FUNCTION = YES;
				GCC_WARN_UNUSED_VARIABLE = YES;
				IPHONEOS_DEPLOYMENT_TARGET = 12.4;
				MTL_ENABLE_DEBUG_INFO = NO;
				MTL_FAST_MATH = YES;
				SDKROOT = iphoneos;
				SWIFT_COMPILATION_MODE = wholemodule;
				SWIFT_OPTIMIZATION_LEVEL = "-O";
				VALIDATE_PRODUCT = YES;
			};
			name = Release;
		};
		C9A8C27D22EF86B500CC79A2 /* Debug */ = {
			isa = XCBuildConfiguration;
			buildSettings = {
				ASSETCATALOG_COMPILER_APPICON_NAME = AppIcon;
				CODE_SIGN_IDENTITY = "iPhone Developer";
				CODE_SIGN_STYLE = Automatic;
				DEVELOPMENT_TEAM = W95FNEU9BX;
				INFOPLIST_FILE = "$(SRCROOT)/RickAndMorty/SupportingFiles/Info.plist";
				LD_RUNPATH_SEARCH_PATHS = (
					"$(inherited)",
					"@executable_path/Frameworks",
				);
				PRODUCT_BUNDLE_IDENTIFIER = com.BEstelrich.RickAndMorty;
				PRODUCT_NAME = "$(TARGET_NAME)";
				PROVISIONING_PROFILE_SPECIFIER = "";
				SWIFT_VERSION = 5.0;
				TARGETED_DEVICE_FAMILY = "1,2";
			};
			name = Debug;
		};
		C9A8C27E22EF86B500CC79A2 /* Release */ = {
			isa = XCBuildConfiguration;
			buildSettings = {
				ASSETCATALOG_COMPILER_APPICON_NAME = AppIcon;
				CODE_SIGN_IDENTITY = "iPhone Developer";
				CODE_SIGN_STYLE = Automatic;
				DEVELOPMENT_TEAM = W95FNEU9BX;
				INFOPLIST_FILE = "$(SRCROOT)/RickAndMorty/SupportingFiles/Info.plist";
				LD_RUNPATH_SEARCH_PATHS = (
					"$(inherited)",
					"@executable_path/Frameworks",
				);
				PRODUCT_BUNDLE_IDENTIFIER = com.BEstelrich.RickAndMorty;
				PRODUCT_NAME = "$(TARGET_NAME)";
				PROVISIONING_PROFILE_SPECIFIER = "";
				SWIFT_VERSION = 5.0;
				TARGETED_DEVICE_FAMILY = "1,2";
			};
			name = Release;
		};
/* End XCBuildConfiguration section */

/* Begin XCConfigurationList section */
		C9A8C26222EF86B400CC79A2 /* Build configuration list for PBXProject "RickAndMorty" */ = {
			isa = XCConfigurationList;
			buildConfigurations = (
				C9A8C27A22EF86B500CC79A2 /* Debug */,
				C9A8C27B22EF86B500CC79A2 /* Release */,
			);
			defaultConfigurationIsVisible = 0;
			defaultConfigurationName = Release;
		};
		C9A8C27C22EF86B500CC79A2 /* Build configuration list for PBXNativeTarget "RickAndMorty" */ = {
			isa = XCConfigurationList;
			buildConfigurations = (
				C9A8C27D22EF86B500CC79A2 /* Debug */,
				C9A8C27E22EF86B500CC79A2 /* Release */,
			);
			defaultConfigurationIsVisible = 0;
			defaultConfigurationName = Release;
		};
/* End XCConfigurationList section */
	};
	rootObject = C9A8C25F22EF86B400CC79A2 /* Project object */;
}
